# @generated by Move, please check-in and do not edit manually.

[move]
version = 3
manifest_digest = "74BC82178418C7644BE0FDEADC27ED10AE9CA665115E8DC97DC7A8E859162D35"
deps_digest = "F8BBB0CCB2491CA29A3DF03D6F92277A4F3574266507ACD77214D37ECA3F3082"
dependencies = [
  { id = "Sui", name = "Sui" },
]

[[move.package]]
id = "MoveStdlib"
source = { git = "https://github.com/MystenLabs/sui.git", rev = "framework/testnet", subdir = "crates/sui-framework/packages/move-stdlib" }

[[move.package]]
id = "Sui"
source = { git = "https://github.com/MystenLabs/sui.git", rev = "framework/testnet", subdir = "crates/sui-framework/packages/sui-framework" }

dependencies = [
  { id = "MoveStdlib", name = "MoveStdlib" },
]

[move.toolchain-version]
compiler-version = "1.41.0"
edition = "2024.beta"
flavor = "sui"

[env]

[env.testnet]
chain-id = "4c78adac"
original-published-id = "0x78bbac17526ab6ea95e9c4fd983d72beab825684ae1eb1918402d6016e8a2b22"
latest-published-id = "0x78bbac17526ab6ea95e9c4fd983d72beab825684ae1eb1918402d6016e8a2b22"
published-version = "1"

[env.localnet]
chain-id = "ae9d250a"
original-published-id = "0x3092401fd0b53660e9bc7bbdc8cb045808089bb5d81b74c598bbab40c65f9fe9"
latest-published-id = "0x3092401fd0b53660e9bc7bbdc8cb045808089bb5d81b74c598bbab40c65f9fe9"
published-version = "1"
